
Microsoft Visual Studio Solution File, Format Version 12.00
# Visual Studio Express 2013 for Windows Desktop
VisualStudioVersion = 12.0.21005.1
MinimumVisualStudioVersion = 10.0.40219.1
Project("{8BC9CEB8-8B4A-11D0-8D11-00A0C91BC942}") = "LeetCode309", "LeetCode309\LeetCode309.vcxproj", "{A648159E-088A-4A43-BD14-806696E24712}"
EndProject
Global
	GlobalSection(SolutionConfigurationPlatforms) = preSolution
		Debug|Win32 = Debug|Win32
		Release|Win32 = Release|Win32
	EndGlobalSection
	GlobalSection(ProjectConfigurationPlatforms) = postSolution
		{A648159E-088A-4A43-BD14-806696E24712}.Debug|Win32.ActiveCfg = Debug|Win32
		{A648159E-088A-4A43-BD14-806696E24712}.Debug|Win32.Build.0 = Debug|Win32
		{A648159E-088A-4A43-BD14-806696E24712}.Release|Win32.ActiveCfg = Release|Win32
		{A648159E-088A-4A43-BD14-806696E24712}.Release|Win32.Build.0 = Release|Win32
	EndGlobalSection
	GlobalSection(SolutionProperties) = preSolution
		HideSolutionNode = FALSE
	EndGlobalSection
EndGlobal
