
Microsoft Visual Studio Solution File, Format Version 12.00
# Visual Studio Express 2013 for Windows Desktop
VisualStudioVersion = 12.0.21005.1
MinimumVisualStudioVersion = 10.0.40219.1
Project("{8BC9CEB8-8B4A-11D0-8D11-00A0C91BC942}") = "2020_11_4", "2020_11_4\2020_11_4.vcxproj", "{F93DFBE7-3CD9-4F16-A869-190146DAA7AD}"
EndProject
Global
	GlobalSection(SolutionConfigurationPlatforms) = preSolution
		Debug|Win32 = Debug|Win32
		Release|Win32 = Release|Win32
	EndGlobalSection
	GlobalSection(ProjectConfigurationPlatforms) = postSolution
		{F93DFBE7-3CD9-4F16-A869-190146DAA7AD}.Debug|Win32.ActiveCfg = Debug|Win32
		{F93DFBE7-3CD9-4F16-A869-190146DAA7AD}.Debug|Win32.Build.0 = Debug|Win32
		{F93DFBE7-3CD9-4F16-A869-190146DAA7AD}.Release|Win32.ActiveCfg = Release|Win32
		{F93DFBE7-3CD9-4F16-A869-190146DAA7AD}.Release|Win32.Build.0 = Release|Win32
	EndGlobalSection
	GlobalSection(SolutionProperties) = preSolution
		HideSolutionNode = FALSE
	EndGlobalSection
EndGlobal
